
Microsoft Visual Studio Solution File, Format Version 12.00
# Visual Studio Version 17
VisualStudioVersion = 17.4.33213.308
MinimumVisualStudioVersion = 10.0.40219.1
Project("{9A19103F-16F7-4668-BE54-9A1E7A4F7556}") = "ArcSWAT3", "ArcSWAT3.csproj", "{5668AB8A-91D4-4AC5-80AD-72F11202EA45}"
EndProject
Project("{9A19103F-16F7-4668-BE54-9A1E7A4F7556}") = "TestArcSWAT3", "..\TestArcSWAT3\TestArcSWAT3.csproj", "{D698AC80-C50E-4687-918D-3889A6226AB2}"
EndProject
Global
	GlobalSection(SolutionConfigurationPlatforms) = preSolution
		Debug|Any CPU = Debug|Any CPU
		Debug|x64 = Debug|x64
		Debug|x86 = Debug|x86
		Release|Any CPU = Release|Any CPU
		Release|x64 = Release|x64
		Release|x86 = Release|x86
	EndGlobalSection
	GlobalSection(ProjectConfigurationPlatforms) = postSolution
		{5668AB8A-91D4-4AC5-80AD-72F11202EA45}.Debug|Any CPU.ActiveCfg = Debug|Any CPU
		{5668AB8A-91D4-4AC5-80AD-72F11202EA45}.Debug|Any CPU.Build.0 = Debug|Any CPU
		{5668AB8A-91D4-4AC5-80AD-72F11202EA45}.Debug|x64.ActiveCfg = Debug|x64
		{5668AB8A-91D4-4AC5-80AD-72F11202EA45}.Debug|x64.Build.0 = Debug|x64
		{5668AB8A-91D4-4AC5-80AD-72F11202EA45}.Debug|x86.ActiveCfg = Debug|x86
		{5668AB8A-91D4-4AC5-80AD-72F11202EA45}.Debug|x86.Build.0 = Debug|x86
		{5668AB8A-91D4-4AC5-80AD-72F11202EA45}.Release|Any CPU.ActiveCfg = Release|Any CPU
		{5668AB8A-91D4-4AC5-80AD-72F11202EA45}.Release|Any CPU.Build.0 = Release|Any CPU
		{5668AB8A-91D4-4AC5-80AD-72F11202EA45}.Release|x64.ActiveCfg = Release|x64
		{5668AB8A-91D4-4AC5-80AD-72F11202EA45}.Release|x64.Build.0 = Release|x64
		{5668AB8A-91D4-4AC5-80AD-72F11202EA45}.Release|x86.ActiveCfg = Release|x86
		{5668AB8A-91D4-4AC5-80AD-72F11202EA45}.Release|x86.Build.0 = Release|x86
		{D698AC80-C50E-4687-918D-3889A6226AB2}.Debug|Any CPU.ActiveCfg = Debug|Any CPU
		{D698AC80-C50E-4687-918D-3889A6226AB2}.Debug|Any CPU.Build.0 = Debug|Any CPU
		{D698AC80-C50E-4687-918D-3889A6226AB2}.Debug|x64.ActiveCfg = Debug|x64
		{D698AC80-C50E-4687-918D-3889A6226AB2}.Debug|x64.Build.0 = Debug|x64
		{D698AC80-C50E-4687-918D-3889A6226AB2}.Debug|x86.ActiveCfg = Debug|x86
		{D698AC80-C50E-4687-918D-3889A6226AB2}.Debug|x86.Build.0 = Debug|x86
		{D698AC80-C50E-4687-918D-3889A6226AB2}.Release|Any CPU.ActiveCfg = Release|Any CPU
		{D698AC80-C50E-4687-918D-3889A6226AB2}.Release|Any CPU.Build.0 = Release|Any CPU
		{D698AC80-C50E-4687-918D-3889A6226AB2}.Release|x64.ActiveCfg = Release|x64
		{D698AC80-C50E-4687-918D-3889A6226AB2}.Release|x64.Build.0 = Release|x64
		{D698AC80-C50E-4687-918D-3889A6226AB2}.Release|x86.ActiveCfg = Release|x86
		{D698AC80-C50E-4687-918D-3889A6226AB2}.Release|x86.Build.0 = Release|x86
	EndGlobalSection
	GlobalSection(SolutionProperties) = preSolution
		HideSolutionNode = FALSE
	EndGlobalSection
	GlobalSection(ExtensibilityGlobals) = postSolution
		SolutionGuid = {221EC5BE-BF29-4E6F-9DD3-40E163D60CBA}
	EndGlobalSection
EndGlobal
