
Microsoft Visual Studio Solution File, Format Version 12.00
# Visual Studio Version 18
VisualStudioVersion = 18.6.11806.211
MinimumVisualStudioVersion = 10.0.40219.1
Project("{9A19103F-16F7-4668-BE54-9A1E7A4F7556}") = "ArcSWAT3.3", "Arcswat3.3\ArcSWAT3.3.csproj", "{5668AB8A-91D4-4AC5-80AD-72F11202EA45}"
EndProject
Project("{FAE04EC0-301F-11D3-BF4B-00C04F79EFBC}") = "ArcSWAT3.6", "ArcSWAT3.6\ArcSWAT3.6.csproj", "{1B5489E5-286B-405B-99E9-7879E9008CFE}"
EndProject
Project("{FAE04EC0-301F-11D3-BF4B-00C04F79EFBC}") = "ArcSWAT3.4", "ArcSWAT3.4\ArcSWAT3.4.csproj", "{8530647E-5A5A-4F3D-B627-DBABE90A2C48}"
EndProject
Project("{FAE04EC0-301F-11D3-BF4B-00C04F79EFBC}") = "ArcSWAT3.5", "ArcSWAT3.5\ArcSWAT3.5.csproj", "{A0D053BE-EE54-49B3-AE0C-E0934C4638D4}"
EndProject
Global
	GlobalSection(SolutionConfigurationPlatforms) = preSolution
		Debug|Any CPU = Debug|Any CPU
		Debug|x64 = Debug|x64
		Debug|x86 = Debug|x86
		Release|Any CPU = Release|Any CPU
		Release|x64 = Release|x64
		Release|x86 = Release|x86
	EndGlobalSection
	GlobalSection(ProjectConfigurationPlatforms) = postSolution
		{5668AB8A-91D4-4AC5-80AD-72F11202EA45}.Debug|Any CPU.ActiveCfg = Debug|Any CPU
		{5668AB8A-91D4-4AC5-80AD-72F11202EA45}.Debug|Any CPU.Build.0 = Debug|Any CPU
		{5668AB8A-91D4-4AC5-80AD-72F11202EA45}.Debug|x64.ActiveCfg = Debug|x64
		{5668AB8A-91D4-4AC5-80AD-72F11202EA45}.Debug|x64.Build.0 = Debug|x64
		{5668AB8A-91D4-4AC5-80AD-72F11202EA45}.Debug|x86.ActiveCfg = Debug|x86
		{5668AB8A-91D4-4AC5-80AD-72F11202EA45}.Debug|x86.Build.0 = Debug|x86
		{5668AB8A-91D4-4AC5-80AD-72F11202EA45}.Release|Any CPU.ActiveCfg = Release|Any CPU
		{5668AB8A-91D4-4AC5-80AD-72F11202EA45}.Release|Any CPU.Build.0 = Release|Any CPU
		{5668AB8A-91D4-4AC5-80AD-72F11202EA45}.Release|x64.ActiveCfg = Release|x64
		{5668AB8A-91D4-4AC5-80AD-72F11202EA45}.Release|x64.Build.0 = Release|x64
		{5668AB8A-91D4-4AC5-80AD-72F11202EA45}.Release|x86.ActiveCfg = Release|x86
		{5668AB8A-91D4-4AC5-80AD-72F11202EA45}.Release|x86.Build.0 = Release|x86
		{1B5489E5-286B-405B-99E9-7879E9008CFE}.Debug|Any CPU.ActiveCfg = Debug|Any CPU
		{1B5489E5-286B-405B-99E9-7879E9008CFE}.Debug|Any CPU.Build.0 = Debug|Any CPU
		{1B5489E5-286B-405B-99E9-7879E9008CFE}.Debug|x64.ActiveCfg = Debug|x64
		{1B5489E5-286B-405B-99E9-7879E9008CFE}.Debug|x64.Build.0 = Debug|x64
		{1B5489E5-286B-405B-99E9-7879E9008CFE}.Debug|x86.ActiveCfg = Debug|Any CPU
		{1B5489E5-286B-405B-99E9-7879E9008CFE}.Debug|x86.Build.0 = Debug|Any CPU
		{1B5489E5-286B-405B-99E9-7879E9008CFE}.Release|Any CPU.ActiveCfg = Release|Any CPU
		{1B5489E5-286B-405B-99E9-7879E9008CFE}.Release|Any CPU.Build.0 = Release|Any CPU
		{1B5489E5-286B-405B-99E9-7879E9008CFE}.Release|x64.ActiveCfg = Release|x64
		{1B5489E5-286B-405B-99E9-7879E9008CFE}.Release|x64.Build.0 = Release|x64
		{1B5489E5-286B-405B-99E9-7879E9008CFE}.Release|x86.ActiveCfg = Release|Any CPU
		{1B5489E5-286B-405B-99E9-7879E9008CFE}.Release|x86.Build.0 = Release|Any CPU
		{8530647E-5A5A-4F3D-B627-DBABE90A2C48}.Debug|Any CPU.ActiveCfg = Debug|Any CPU
		{8530647E-5A5A-4F3D-B627-DBABE90A2C48}.Debug|Any CPU.Build.0 = Debug|Any CPU
		{8530647E-5A5A-4F3D-B627-DBABE90A2C48}.Debug|x64.ActiveCfg = Debug|x64
		{8530647E-5A5A-4F3D-B627-DBABE90A2C48}.Debug|x64.Build.0 = Debug|x64
		{8530647E-5A5A-4F3D-B627-DBABE90A2C48}.Debug|x86.ActiveCfg = Debug|Any CPU
		{8530647E-5A5A-4F3D-B627-DBABE90A2C48}.Debug|x86.Build.0 = Debug|Any CPU
		{8530647E-5A5A-4F3D-B627-DBABE90A2C48}.Release|Any CPU.ActiveCfg = Release|Any CPU
		{8530647E-5A5A-4F3D-B627-DBABE90A2C48}.Release|Any CPU.Build.0 = Release|Any CPU
		{8530647E-5A5A-4F3D-B627-DBABE90A2C48}.Release|x64.ActiveCfg = Release|x64
		{8530647E-5A5A-4F3D-B627-DBABE90A2C48}.Release|x64.Build.0 = Release|x64
		{8530647E-5A5A-4F3D-B627-DBABE90A2C48}.Release|x86.ActiveCfg = Release|Any CPU
		{8530647E-5A5A-4F3D-B627-DBABE90A2C48}.Release|x86.Build.0 = Release|Any CPU
		{A0D053BE-EE54-49B3-AE0C-E0934C4638D4}.Debug|Any CPU.ActiveCfg = Debug|Any CPU
		{A0D053BE-EE54-49B3-AE0C-E0934C4638D4}.Debug|Any CPU.Build.0 = Debug|Any CPU
		{A0D053BE-EE54-49B3-AE0C-E0934C4638D4}.Debug|x64.ActiveCfg = Debug|x64
		{A0D053BE-EE54-49B3-AE0C-E0934C4638D4}.Debug|x64.Build.0 = Debug|x64
		{A0D053BE-EE54-49B3-AE0C-E0934C4638D4}.Debug|x86.ActiveCfg = Debug|Any CPU
		{A0D053BE-EE54-49B3-AE0C-E0934C4638D4}.Debug|x86.Build.0 = Debug|Any CPU
		{A0D053BE-EE54-49B3-AE0C-E0934C4638D4}.Release|Any CPU.ActiveCfg = Release|Any CPU
		{A0D053BE-EE54-49B3-AE0C-E0934C4638D4}.Release|Any CPU.Build.0 = Release|Any CPU
		{A0D053BE-EE54-49B3-AE0C-E0934C4638D4}.Release|x64.ActiveCfg = Release|x64
		{A0D053BE-EE54-49B3-AE0C-E0934C4638D4}.Release|x64.Build.0 = Release|x64
		{A0D053BE-EE54-49B3-AE0C-E0934C4638D4}.Release|x86.ActiveCfg = Release|Any CPU
		{A0D053BE-EE54-49B3-AE0C-E0934C4638D4}.Release|x86.Build.0 = Release|Any CPU
	EndGlobalSection
	GlobalSection(SolutionProperties) = preSolution
		HideSolutionNode = FALSE
	EndGlobalSection
	GlobalSection(ExtensibilityGlobals) = postSolution
		SolutionGuid = {221EC5BE-BF29-4E6F-9DD3-40E163D60CBA}
	EndGlobalSection
EndGlobal
